
Microsoft Visual Studio Solution File, Format Version 12.00
# Visual Studio Version 17
VisualStudioVersion = 17.7.34031.279
MinimumVisualStudioVersion = 10.0.40219.1
Project("{FAE04EC0-301F-11D3-BF4B-00C04F79EFBC}") = "password-generator-bot", "password-generator-bot.csproj", "{D5393B62-4339-4696-A352-B6D6827A1C6C}"
EndProject
Global
	GlobalSection(SolutionConfigurationPlatforms) = preSolution
		Debug|Any CPU = Debug|Any CPU
		Release|Any CPU = Release|Any CPU
	EndGlobalSection
	GlobalSection(ProjectConfigurationPlatforms) = postSolution
		{D5393B62-4339-4696-A352-B6D6827A1C6C}.Debug|Any CPU.ActiveCfg = Debug|Any CPU
		{D5393B62-4339-4696-A352-B6D6827A1C6C}.Debug|Any CPU.Build.0 = Debug|Any CPU
		{D5393B62-4339-4696-A352-B6D6827A1C6C}.Release|Any CPU.ActiveCfg = Release|Any CPU
		{D5393B62-4339-4696-A352-B6D6827A1C6C}.Release|Any CPU.Build.0 = Release|Any CPU
	EndGlobalSection
	GlobalSection(SolutionProperties) = preSolution
		HideSolutionNode = FALSE
	EndGlobalSection
	GlobalSection(ExtensibilityGlobals) = postSolution
		SolutionGuid = {D148A78C-B0FD-4B1F-AA3F-660FEE09D476}
	EndGlobalSection
EndGlobal
